
Microsoft Visual Studio Solution File, Format Version 12.00
# Visual Studio Version 16
VisualStudioVersion = 25.0.1703.0
MinimumVisualStudioVersion = 10.0.40219.1
Project("{FAE04EC0-301F-11D3-BF4B-00C04F79EFBC}") = "PersonObjekter", "PersonObjekter\PersonObjekter.csproj", "{448E82A8-4F36-48B4-A328-595549662DFC}"
EndProject
Global
	GlobalSection(SolutionConfigurationPlatforms) = preSolution
		Debug|Any CPU = Debug|Any CPU
		Release|Any CPU = Release|Any CPU
	EndGlobalSection
	GlobalSection(ProjectConfigurationPlatforms) = postSolution
		{448E82A8-4F36-48B4-A328-595549662DFC}.Debug|Any CPU.ActiveCfg = Debug|Any CPU
		{448E82A8-4F36-48B4-A328-595549662DFC}.Debug|Any CPU.Build.0 = Debug|Any CPU
		{448E82A8-4F36-48B4-A328-595549662DFC}.Release|Any CPU.ActiveCfg = Release|Any CPU
		{448E82A8-4F36-48B4-A328-595549662DFC}.Release|Any CPU.Build.0 = Release|Any CPU
	EndGlobalSection
	GlobalSection(SolutionProperties) = preSolution
		HideSolutionNode = FALSE
	EndGlobalSection
	GlobalSection(ExtensibilityGlobals) = postSolution
		SolutionGuid = {154A0E25-DE2A-497E-A7F3-22DB109858A5}
	EndGlobalSection
EndGlobal
